
Microsoft Visual Studio Solution File, Format Version 12.00
# Visual Studio Version 17
VisualStudioVersion = 17.3.32505.426
MinimumVisualStudioVersion = 10.0.40219.1
Project("{FAE04EC0-301F-11D3-BF4B-00C04F79EFBC}") = "Entities", "Entities\Entities.csproj", "{DAF6AF1F-BF43-48F7-A4AE-DF29F9895A94}"
EndProject
Project("{2150E333-8FDC-42A3-9474-1A3956D46DE8}") = "Api", "Api", "{32262DCE-5492-421B-8092-09920E23CBE0}"
EndProject
Project("{2150E333-8FDC-42A3-9474-1A3956D46DE8}") = "Domain", "Domain", "{23255266-72D5-4318-9BD4-733341EECE6A}"
EndProject
Project("{2150E333-8FDC-42A3-9474-1A3956D46DE8}") = "Infra", "Infra", "{6F182AD2-997F-4FD8-8FA3-2CF21D961801}"
EndProject
Project("{2150E333-8FDC-42A3-9474-1A3956D46DE8}") = "Entities", "Entities", "{8DE9F35A-61E1-41A5-A5F6-2CCA6DE0CC58}"
EndProject
Project("{2150E333-8FDC-42A3-9474-1A3956D46DE8}") = "Test", "Test", "{0412CEC1-01BA-44C3-BEE6-6D7BF58DACDF}"
EndProject
Project("{FAE04EC0-301F-11D3-BF4B-00C04F79EFBC}") = "Infrastructure", "Infrastructure\Infrastructure.csproj", "{2A97EA49-8A9A-4573-BCB9-AAF990889A11}"
EndProject
Project("{FAE04EC0-301F-11D3-BF4B-00C04F79EFBC}") = "Domain", "Domain\Domain.csproj", "{E662C7F7-5437-4EED-B9C8-4465004A1AC1}"
EndProject
Global
	GlobalSection(SolutionConfigurationPlatforms) = preSolution
		Debug|Any CPU = Debug|Any CPU
		Release|Any CPU = Release|Any CPU
	EndGlobalSection
	GlobalSection(ProjectConfigurationPlatforms) = postSolution
		{DAF6AF1F-BF43-48F7-A4AE-DF29F9895A94}.Debug|Any CPU.ActiveCfg = Debug|Any CPU
		{DAF6AF1F-BF43-48F7-A4AE-DF29F9895A94}.Debug|Any CPU.Build.0 = Debug|Any CPU
		{DAF6AF1F-BF43-48F7-A4AE-DF29F9895A94}.Release|Any CPU.ActiveCfg = Release|Any CPU
		{DAF6AF1F-BF43-48F7-A4AE-DF29F9895A94}.Release|Any CPU.Build.0 = Release|Any CPU
		{2A97EA49-8A9A-4573-BCB9-AAF990889A11}.Debug|Any CPU.ActiveCfg = Debug|Any CPU
		{2A97EA49-8A9A-4573-BCB9-AAF990889A11}.Debug|Any CPU.Build.0 = Debug|Any CPU
		{2A97EA49-8A9A-4573-BCB9-AAF990889A11}.Release|Any CPU.ActiveCfg = Release|Any CPU
		{2A97EA49-8A9A-4573-BCB9-AAF990889A11}.Release|Any CPU.Build.0 = Release|Any CPU
		{E662C7F7-5437-4EED-B9C8-4465004A1AC1}.Debug|Any CPU.ActiveCfg = Debug|Any CPU
		{E662C7F7-5437-4EED-B9C8-4465004A1AC1}.Debug|Any CPU.Build.0 = Debug|Any CPU
		{E662C7F7-5437-4EED-B9C8-4465004A1AC1}.Release|Any CPU.ActiveCfg = Release|Any CPU
		{E662C7F7-5437-4EED-B9C8-4465004A1AC1}.Release|Any CPU.Build.0 = Release|Any CPU
	EndGlobalSection
	GlobalSection(SolutionProperties) = preSolution
		HideSolutionNode = FALSE
	EndGlobalSection
	GlobalSection(NestedProjects) = preSolution
		{DAF6AF1F-BF43-48F7-A4AE-DF29F9895A94} = {8DE9F35A-61E1-41A5-A5F6-2CCA6DE0CC58}
		{2A97EA49-8A9A-4573-BCB9-AAF990889A11} = {6F182AD2-997F-4FD8-8FA3-2CF21D961801}
		{E662C7F7-5437-4EED-B9C8-4465004A1AC1} = {23255266-72D5-4318-9BD4-733341EECE6A}
	EndGlobalSection
	GlobalSection(ExtensibilityGlobals) = postSolution
		SolutionGuid = {CF1C0714-E174-420A-BAA0-4DECD4E1B74C}
	EndGlobalSection
EndGlobal
